// !$*UTF8*$!
{
	archiveVersion = 1;
	classes = {
	};
	objectVersion = 56;
	objects = {

/* Begin PBXBuildFile section */
		665398DA2C6E70F200CF985F /* NavigationCoordinator.swift in Sources */ = {isa = PBXBuildFile; fileRef = 665398D92C6E70F200CF985F /* NavigationCoordinator.swift */; };
		66B3E8AD2C6E0C6700954837 /* MediaFetcher.swift in Sources */ = {isa = PBXBuildFile; fileRef = 66B3E8912C6E0C6700954837 /* MediaFetcher.swift */; };
		66B3E8AE2C6E0C6700954837 /* String+Extension.swift in Sources */ = {isa = PBXBuildFile; fileRef = 66B3E8932C6E0C6700954837 /* String+Extension.swift */; };
		66B3E8AF2C6E0C6700954837 /* View+Extension.swift in Sources */ = {isa = PBXBuildFile; fileRef = 66B3E8942C6E0C6700954837 /* View+Extension.swift */; };
		66B3E8B02C6E0C6700954837 /* MediaList.swift in Sources */ = {isa = PBXBuildFile; fileRef = 66B3E8962C6E0C6700954837 /* MediaList.swift */; };
		66B3E8B12C6E0C6700954837 /* MediaType.swift in Sources */ = {isa = PBXBuildFile; fileRef = 66B3E8972C6E0C6700954837 /* MediaType.swift */; };
		66B3E8B22C6E0C6700954837 /* APIClient.swift in Sources */ = {isa = PBXBuildFile; fileRef = 66B3E8992C6E0C6700954837 /* APIClient.swift */; };
		66B3E8B32C6E0C6700954837 /* APIConstant.swift in Sources */ = {isa = PBXBuildFile; fileRef = 66B3E89A2C6E0C6700954837 /* APIConstant.swift */; };
		66B3E8B42C6E0C6700954837 /* APIRouter.swift in Sources */ = {isa = PBXBuildFile; fileRef = 66B3E89B2C6E0C6700954837 /* APIRouter.swift */; };
		66B3E8B52C6E0C6700954837 /* NetworkDispatcher.swift in Sources */ = {isa = PBXBuildFile; fileRef = 66B3E89C2C6E0C6700954837 /* NetworkDispatcher.swift */; };
		66B3E8B62C6E0C6700954837 /* NetworkRequestError.swift in Sources */ = {isa = PBXBuildFile; fileRef = 66B3E89D2C6E0C6700954837 /* NetworkRequestError.swift */; };
		66B3E8B72C6E0C6700954837 /* NetworkRequestProvider.swift in Sources */ = {isa = PBXBuildFile; fileRef = 66B3E89E2C6E0C6700954837 /* NetworkRequestProvider.swift */; };
		66B3E8B82C6E0C6700954837 /* Preview Assets.xcassets in Resources */ = {isa = PBXBuildFile; fileRef = 66B3E8A02C6E0C6700954837 /* Preview Assets.xcassets */; };
		66B3E8B92C6E0C6700954837 /* RoundedCorner.swift in Sources */ = {isa = PBXBuildFile; fileRef = 66B3E8A22C6E0C6700954837 /* RoundedCorner.swift */; };
		66B3E8BA2C6E0C6700954837 /* MediaItemView.swift in Sources */ = {isa = PBXBuildFile; fileRef = 66B3E8A42C6E0C6700954837 /* MediaItemView.swift */; };
		66B3E8BB2C6E0C6700954837 /* MediaListView.swift in Sources */ = {isa = PBXBuildFile; fileRef = 66B3E8A52C6E0C6700954837 /* MediaListView.swift */; };
		66B3E8BC2C6E0C6700954837 /* MediaPlayerView.swift in Sources */ = {isa = PBXBuildFile; fileRef = 66B3E8A72C6E0C6700954837 /* MediaPlayerView.swift */; };
		66B3E8BD2C6E0C6700954837 /* MediaListViewModel.swift in Sources */ = {isa = PBXBuildFile; fileRef = 66B3E8A92C6E0C6700954837 /* MediaListViewModel.swift */; };
		66B3E8BE2C6E0C6700954837 /* Assets.xcassets in Resources */ = {isa = PBXBuildFile; fileRef = 66B3E8AB2C6E0C6700954837 /* Assets.xcassets */; };
/* End PBXBuildFile section */

/* Begin PBXContainerItemProxy section */
		6674DBDD2C6A6947008764FA /* PBXContainerItemProxy */ = {
			isa = PBXContainerItemProxy;
			containerPortal = 6674DBC42C6A6945008764FA /* Project object */;
			proxyType = 1;
			remoteGlobalIDString = 6674DBCB2C6A6945008764FA;
			remoteInfo = SadadAssignment;
		};
		6674DBE72C6A6947008764FA /* PBXContainerItemProxy */ = {
			isa = PBXContainerItemProxy;
			containerPortal = 6674DBC42C6A6945008764FA /* Project object */;
			proxyType = 1;
			remoteGlobalIDString = 6674DBCB2C6A6945008764FA;
			remoteInfo = SadadAssignment;
		};
/* End PBXContainerItemProxy section */

/* Begin PBXFileReference section */
		665398D92C6E70F200CF985F /* NavigationCoordinator.swift */ = {isa = PBXFileReference; lastKnownFileType = sourcecode.swift; path = NavigationCoordinator.swift; sourceTree = "<group>"; };
		6674DBCC2C6A6945008764FA /* MediaFetcher.app */ = {isa = PBXFileReference; explicitFileType = wrapper.application; includeInIndex = 0; path = MediaFetcher.app; sourceTree = BUILT_PRODUCTS_DIR; };
		6674DBDC2C6A6947008764FA /* MediaFetcherTests.xctest */ = {isa = PBXFileReference; explicitFileType = wrapper.cfbundle; includeInIndex = 0; path = MediaFetcherTests.xctest; sourceTree = BUILT_PRODUCTS_DIR; };
		6674DBE62C6A6947008764FA /* MediaFetcherUITests.xctest */ = {isa = PBXFileReference; explicitFileType = wrapper.cfbundle; includeInIndex = 0; path = MediaFetcherUITests.xctest; sourceTree = BUILT_PRODUCTS_DIR; };
		66B3E8912C6E0C6700954837 /* MediaFetcher.swift */ = {isa = PBXFileReference; fileEncoding = 4; lastKnownFileType = sourcecode.swift; path = MediaFetcher.swift; sourceTree = "<group>"; };
		66B3E8932C6E0C6700954837 /* String+Extension.swift */ = {isa = PBXFileReference; fileEncoding = 4; lastKnownFileType = sourcecode.swift; path = "String+Extension.swift"; sourceTree = "<group>"; };
		66B3E8942C6E0C6700954837 /* View+Extension.swift */ = {isa = PBXFileReference; fileEncoding = 4; lastKnownFileType = sourcecode.swift; path = "View+Extension.swift"; sourceTree = "<group>"; };
		66B3E8962C6E0C6700954837 /* MediaList.swift */ = {isa = PBXFileReference; fileEncoding = 4; lastKnownFileType = sourcecode.swift; path = MediaList.swift; sourceTree = "<group>"; };
		66B3E8972C6E0C6700954837 /* MediaType.swift */ = {isa = PBXFileReference; fileEncoding = 4; lastKnownFileType = sourcecode.swift; path = MediaType.swift; sourceTree = "<group>"; };
		66B3E8992C6E0C6700954837 /* APIClient.swift */ = {isa = PBXFileReference; fileEncoding = 4; lastKnownFileType = sourcecode.swift; path = APIClient.swift; sourceTree = "<group>"; };
		66B3E89A2C6E0C6700954837 /* APIConstant.swift */ = {isa = PBXFileReference; fileEncoding = 4; lastKnownFileType = sourcecode.swift; path = APIConstant.swift; sourceTree = "<group>"; };
		66B3E89B2C6E0C6700954837 /* APIRouter.swift */ = {isa = PBXFileReference; fileEncoding = 4; lastKnownFileType = sourcecode.swift; path = APIRouter.swift; sourceTree = "<group>"; };
		66B3E89C2C6E0C6700954837 /* NetworkDispatcher.swift */ = {isa = PBXFileReference; fileEncoding = 4; lastKnownFileType = sourcecode.swift; path = NetworkDispatcher.swift; sourceTree = "<group>"; };
		66B3E89D2C6E0C6700954837 /* NetworkRequestError.swift */ = {isa = PBXFileReference; fileEncoding = 4; lastKnownFileType = sourcecode.swift; path = NetworkRequestError.swift; sourceTree = "<group>"; };
		66B3E89E2C6E0C6700954837 /* NetworkRequestProvider.swift */ = {isa = PBXFileReference; fileEncoding = 4; lastKnownFileType = sourcecode.swift; path = NetworkRequestProvider.swift; sourceTree = "<group>"; };
		66B3E8A02C6E0C6700954837 /* Preview Assets.xcassets */ = {isa = PBXFileReference; lastKnownFileType = folder.assetcatalog; path = "Preview Assets.xcassets"; sourceTree = "<group>"; };
		66B3E8A22C6E0C6700954837 /* RoundedCorner.swift */ = {isa = PBXFileReference; fileEncoding = 4; lastKnownFileType = sourcecode.swift; path = RoundedCorner.swift; sourceTree = "<group>"; };
		66B3E8A42C6E0C6700954837 /* MediaItemView.swift */ = {isa = PBXFileReference; fileEncoding = 4; lastKnownFileType = sourcecode.swift; path = MediaItemView.swift; sourceTree = "<group>"; };
		66B3E8A52C6E0C6700954837 /* MediaListView.swift */ = {isa = PBXFileReference; fileEncoding = 4; lastKnownFileType = sourcecode.swift; path = MediaListView.swift; sourceTree = "<group>"; };
		66B3E8A72C6E0C6700954837 /* MediaPlayerView.swift */ = {isa = PBXFileReference; fileEncoding = 4; lastKnownFileType = sourcecode.swift; path = MediaPlayerView.swift; sourceTree = "<group>"; };
		66B3E8A92C6E0C6700954837 /* MediaListViewModel.swift */ = {isa = PBXFileReference; fileEncoding = 4; lastKnownFileType = sourcecode.swift; path = MediaListViewModel.swift; sourceTree = "<group>"; };
		66B3E8AB2C6E0C6700954837 /* Assets.xcassets */ = {isa = PBXFileReference; lastKnownFileType = folder.assetcatalog; path = Assets.xcassets; sourceTree = "<group>"; };
/* End PBXFileReference section */

/* Begin PBXFrameworksBuildPhase section */
		6674DBC92C6A6945008764FA /* Frameworks */ = {
			isa = PBXFrameworksBuildPhase;
			buildActionMask = 2147483647;
			files = (
			);
			runOnlyForDeploymentPostprocessing = 0;
		};
		6674DBD92C6A6947008764FA /* Frameworks */ = {
			isa = PBXFrameworksBuildPhase;
			buildActionMask = 2147483647;
			files = (
			);
			runOnlyForDeploymentPostprocessing = 0;
		};
		6674DBE32C6A6947008764FA /* Frameworks */ = {
			isa = PBXFrameworksBuildPhase;
			buildActionMask = 2147483647;
			files = (
			);
			runOnlyForDeploymentPostprocessing = 0;
		};
/* End PBXFrameworksBuildPhase section */

/* Begin PBXGroup section */
		665398D82C6E6F7100CF985F /* NavigationCoordinator */ = {
			isa = PBXGroup;
			children = (
				665398D92C6E70F200CF985F /* NavigationCoordinator.swift */,
			);
			path = NavigationCoordinator;
			sourceTree = "<group>";
		};
		6674DBC32C6A6945008764FA = {
			isa = PBXGroup;
			children = (
				66B3E8AC2C6E0C6700954837 /* MediaFetcher */,
				6674DBCD2C6A6945008764FA /* Products */,
			);
			sourceTree = "<group>";
		};
		6674DBCD2C6A6945008764FA /* Products */ = {
			isa = PBXGroup;
			children = (
				6674DBCC2C6A6945008764FA /* MediaFetcher.app */,
				6674DBDC2C6A6947008764FA /* MediaFetcherTests.xctest */,
				6674DBE62C6A6947008764FA /* MediaFetcherUITests.xctest */,
			);
			name = Products;
			sourceTree = "<group>";
		};
		66B3E8922C6E0C6700954837 /* App */ = {
			isa = PBXGroup;
			children = (
				66B3E8912C6E0C6700954837 /* MediaFetcher.swift */,
			);
			path = App;
			sourceTree = "<group>";
		};
		66B3E8952C6E0C6700954837 /* Extension */ = {
			isa = PBXGroup;
			children = (
				66B3E8932C6E0C6700954837 /* String+Extension.swift */,
				66B3E8942C6E0C6700954837 /* View+Extension.swift */,
			);
			path = Extension;
			sourceTree = "<group>";
		};
		66B3E8982C6E0C6700954837 /* Model */ = {
			isa = PBXGroup;
			children = (
				66B3E8962C6E0C6700954837 /* MediaList.swift */,
				66B3E8972C6E0C6700954837 /* MediaType.swift */,
			);
			path = Model;
			sourceTree = "<group>";
		};
		66B3E89F2C6E0C6700954837 /* Networking */ = {
			isa = PBXGroup;
			children = (
				66B3E8992C6E0C6700954837 /* APIClient.swift */,
				66B3E89A2C6E0C6700954837 /* APIConstant.swift */,
				66B3E89B2C6E0C6700954837 /* APIRouter.swift */,
				66B3E89C2C6E0C6700954837 /* NetworkDispatcher.swift */,
				66B3E89D2C6E0C6700954837 /* NetworkRequestError.swift */,
				66B3E89E2C6E0C6700954837 /* NetworkRequestProvider.swift */,
			);
			path = Networking;
			sourceTree = "<group>";
		};
		66B3E8A12C6E0C6700954837 /* Preview Content */ = {
			isa = PBXGroup;
			children = (
				66B3E8A02C6E0C6700954837 /* Preview Assets.xcassets */,
			);
			path = "Preview Content";
			sourceTree = "<group>";
		};
		66B3E8A32C6E0C6700954837 /* Helper */ = {
			isa = PBXGroup;
			children = (
				66B3E8A22C6E0C6700954837 /* RoundedCorner.swift */,
			);
			path = Helper;
			sourceTree = "<group>";
		};
		66B3E8A62C6E0C6700954837 /* MediaList */ = {
			isa = PBXGroup;
			children = (
				66B3E8A42C6E0C6700954837 /* MediaItemView.swift */,
				66B3E8A52C6E0C6700954837 /* MediaListView.swift */,
			);
			path = MediaList;
			sourceTree = "<group>";
		};
		66B3E8A82C6E0C6700954837 /* View */ = {
			isa = PBXGroup;
			children = (
				665398D82C6E6F7100CF985F /* NavigationCoordinator */,
				66B3E8A32C6E0C6700954837 /* Helper */,
				66B3E8A62C6E0C6700954837 /* MediaList */,
				66B3E8A72C6E0C6700954837 /* MediaPlayerView.swift */,
			);
			path = View;
			sourceTree = "<group>";
		};
		66B3E8AA2C6E0C6700954837 /* ViewModel */ = {
			isa = PBXGroup;
			children = (
				66B3E8A92C6E0C6700954837 /* MediaListViewModel.swift */,
			);
			path = ViewModel;
			sourceTree = "<group>";
		};
		66B3E8AC2C6E0C6700954837 /* MediaFetcher */ = {
			isa = PBXGroup;
			children = (
				66B3E8922C6E0C6700954837 /* App */,
				66B3E8952C6E0C6700954837 /* Extension */,
				66B3E8982C6E0C6700954837 /* Model */,
				66B3E89F2C6E0C6700954837 /* Networking */,
				66B3E8A12C6E0C6700954837 /* Preview Content */,
				66B3E8A82C6E0C6700954837 /* View */,
				66B3E8AA2C6E0C6700954837 /* ViewModel */,
				66B3E8AB2C6E0C6700954837 /* Assets.xcassets */,
			);
			path = MediaFetcher;
			sourceTree = "<group>";
		};
/* End PBXGroup section */

/* Begin PBXNativeTarget section */
		6674DBCB2C6A6945008764FA /* MediaFetcher */ = {
			isa = PBXNativeTarget;
			buildConfigurationList = 6674DBF02C6A6947008764FA /* Build configuration list for PBXNativeTarget "MediaFetcher" */;
			buildPhases = (
				6674DBC82C6A6945008764FA /* Sources */,
				6674DBC92C6A6945008764FA /* Frameworks */,
				6674DBCA2C6A6945008764FA /* Resources */,
			);
			buildRules = (
			);
			dependencies = (
			);
			name = MediaFetcher;
			productName = SadadAssignment;
			productReference = 6674DBCC2C6A6945008764FA /* MediaFetcher.app */;
			productType = "com.apple.product-type.application";
		};
		6674DBDB2C6A6947008764FA /* MediaFetcherTests */ = {
			isa = PBXNativeTarget;
			buildConfigurationList = 6674DBF32C6A6947008764FA /* Build configuration list for PBXNativeTarget "MediaFetcherTests" */;
			buildPhases = (
				6674DBD82C6A6947008764FA /* Sources */,
				6674DBD92C6A6947008764FA /* Frameworks */,
				6674DBDA2C6A6947008764FA /* Resources */,
			);
			buildRules = (
			);
			dependencies = (
				6674DBDE2C6A6947008764FA /* PBXTargetDependency */,
			);
			name = MediaFetcherTests;
			productName = SadadAssignmentTests;
			productReference = 6674DBDC2C6A6947008764FA /* MediaFetcherTests.xctest */;
			productType = "com.apple.product-type.bundle.unit-test";
		};
		6674DBE52C6A6947008764FA /* MediaFetcherUITests */ = {
			isa = PBXNativeTarget;
			buildConfigurationList = 6674DBF62C6A6947008764FA /* Build configuration list for PBXNativeTarget "MediaFetcherUITests" */;
			buildPhases = (
				6674DBE22C6A6947008764FA /* Sources */,
				6674DBE32C6A6947008764FA /* Frameworks */,
				6674DBE42C6A6947008764FA /* Resources */,
			);
			buildRules = (
			);
			dependencies = (
				6674DBE82C6A6947008764FA /* PBXTargetDependency */,
			);
			name = MediaFetcherUITests;
			productName = SadadAssignmentUITests;
			productReference = 6674DBE62C6A6947008764FA /* MediaFetcherUITests.xctest */;
			productType = "com.apple.product-type.bundle.ui-testing";
		};
/* End PBXNativeTarget section */

/* Begin PBXProject section */
		6674DBC42C6A6945008764FA /* Project object */ = {
			isa = PBXProject;
			attributes = {
				BuildIndependentTargetsInParallel = 1;
				LastSwiftUpdateCheck = 1540;
				LastUpgradeCheck = 1540;
				TargetAttributes = {
					6674DBCB2C6A6945008764FA = {
						CreatedOnToolsVersion = 15.4;
					};
					6674DBDB2C6A6947008764FA = {
						CreatedOnToolsVersion = 15.4;
						TestTargetID = 6674DBCB2C6A6945008764FA;
					};
					6674DBE52C6A6947008764FA = {
						CreatedOnToolsVersion = 15.4;
						TestTargetID = 6674DBCB2C6A6945008764FA;
					};
				};
			};
			buildConfigurationList = 6674DBC72C6A6945008764FA /* Build configuration list for PBXProject "MediaFetcher" */;
			compatibilityVersion = "Xcode 14.0";
			developmentRegion = en;
			hasScannedForEncodings = 0;
			knownRegions = (
				en,
				Base,
			);
			mainGroup = 6674DBC32C6A6945008764FA;
			productRefGroup = 6674DBCD2C6A6945008764FA /* Products */;
			projectDirPath = "";
			projectRoot = "";
			targets = (
				6674DBCB2C6A6945008764FA /* MediaFetcher */,
				6674DBDB2C6A6947008764FA /* MediaFetcherTests */,
				6674DBE52C6A6947008764FA /* MediaFetcherUITests */,
			);
		};
/* End PBXProject section */

/* Begin PBXResourcesBuildPhase section */
		6674DBCA2C6A6945008764FA /* Resources */ = {
			isa = PBXResourcesBuildPhase;
			buildActionMask = 2147483647;
			files = (
				66B3E8BE2C6E0C6700954837 /* Assets.xcassets in Resources */,
				66B3E8B82C6E0C6700954837 /* Preview Assets.xcassets in Resources */,
			);
			runOnlyForDeploymentPostprocessing = 0;
		};
		6674DBDA2C6A6947008764FA /* Resources */ = {
			isa = PBXResourcesBuildPhase;
			buildActionMask = 2147483647;
			files = (
			);
			runOnlyForDeploymentPostprocessing = 0;
		};
		6674DBE42C6A6947008764FA /* Resources */ = {
			isa = PBXResourcesBuildPhase;
			buildActionMask = 2147483647;
			files = (
			);
			runOnlyForDeploymentPostprocessing = 0;
		};
/* End PBXResourcesBuildPhase section */

/* Begin PBXSourcesBuildPhase section */
		6674DBC82C6A6945008764FA /* Sources */ = {
			isa = PBXSourcesBuildPhase;
			buildActionMask = 2147483647;
			files = (
				66B3E8B92C6E0C6700954837 /* RoundedCorner.swift in Sources */,
				66B3E8B12C6E0C6700954837 /* MediaType.swift in Sources */,
				66B3E8AE2C6E0C6700954837 /* String+Extension.swift in Sources */,
				66B3E8AF2C6E0C6700954837 /* View+Extension.swift in Sources */,
				66B3E8B02C6E0C6700954837 /* MediaList.swift in Sources */,
				66B3E8AD2C6E0C6700954837 /* MediaFetcher.swift in Sources */,
				66B3E8B72C6E0C6700954837 /* NetworkRequestProvider.swift in Sources */,
				66B3E8B42C6E0C6700954837 /* APIRouter.swift in Sources */,
				66B3E8B52C6E0C6700954837 /* NetworkDispatcher.swift in Sources */,
				66B3E8B32C6E0C6700954837 /* APIConstant.swift in Sources */,
				66B3E8B22C6E0C6700954837 /* APIClient.swift in Sources */,
				66B3E8BD2C6E0C6700954837 /* MediaListViewModel.swift in Sources */,
				665398DA2C6E70F200CF985F /* NavigationCoordinator.swift in Sources */,
				66B3E8BA2C6E0C6700954837 /* MediaItemView.swift in Sources */,
				66B3E8B62C6E0C6700954837 /* NetworkRequestError.swift in Sources */,
				66B3E8BC2C6E0C6700954837 /* MediaPlayerView.swift in Sources */,
				66B3E8BB2C6E0C6700954837 /* MediaListView.swift in Sources */,
			);
			runOnlyForDeploymentPostprocessing = 0;
		};
		6674DBD82C6A6947008764FA /* Sources */ = {
			isa = PBXSourcesBuildPhase;
			buildActionMask = 2147483647;
			files = (
			);
			runOnlyForDeploymentPostprocessing = 0;
		};
		6674DBE22C6A6947008764FA /* Sources */ = {
			isa = PBXSourcesBuildPhase;
			buildActionMask = 2147483647;
			files = (
			);
			runOnlyForDeploymentPostprocessing = 0;
		};
/* End PBXSourcesBuildPhase section */

/* Begin PBXTargetDependency section */
		6674DBDE2C6A6947008764FA /* PBXTargetDependency */ = {
			isa = PBXTargetDependency;
			target = 6674DBCB2C6A6945008764FA /* MediaFetcher */;
			targetProxy = 6674DBDD2C6A6947008764FA /* PBXContainerItemProxy */;
		};
		6674DBE82C6A6947008764FA /* PBXTargetDependency */ = {
			isa = PBXTargetDependency;
			target = 6674DBCB2C6A6945008764FA /* MediaFetcher */;
			targetProxy = 6674DBE72C6A6947008764FA /* PBXContainerItemProxy */;
		};
/* End PBXTargetDependency section */

/* Begin XCBuildConfiguration section */
		6674DBEE2C6A6947008764FA /* Debug */ = {
			isa = XCBuildConfiguration;
			buildSettings = {
				ALWAYS_SEARCH_USER_PATHS = NO;
				ASSETCATALOG_COMPILER_GENERATE_SWIFT_ASSET_SYMBOL_EXTENSIONS = YES;
				CLANG_ANALYZER_NONNULL = YES;
				CLANG_ANALYZER_NUMBER_OBJECT_CONVERSION = YES_AGGRESSIVE;
				CLANG_CXX_LANGUAGE_STANDARD = "gnu++20";
				CLANG_ENABLE_MODULES = YES;
				CLANG_ENABLE_OBJC_ARC = YES;
				CLANG_ENABLE_OBJC_WEAK = YES;
				CLANG_WARN_BLOCK_CAPTURE_AUTORELEASING = YES;
				CLANG_WARN_BOOL_CONVERSION = YES;
				CLANG_WARN_COMMA = YES;
				CLANG_WARN_CONSTANT_CONVERSION = YES;
				CLANG_WARN_DEPRECATED_OBJC_IMPLEMENTATIONS = YES;
				CLANG_WARN_DIRECT_OBJC_ISA_USAGE = YES_ERROR;
				CLANG_WARN_DOCUMENTATION_COMMENTS = YES;
				CLANG_WARN_EMPTY_BODY = YES;
				CLANG_WARN_ENUM_CONVERSION = YES;
				CLANG_WARN_INFINITE_RECURSION = YES;
				CLANG_WARN_INT_CONVERSION = YES;
				CLANG_WARN_NON_LITERAL_NULL_CONVERSION = YES;
				CLANG_WARN_OBJC_IMPLICIT_RETAIN_SELF = YES;
				CLANG_WARN_OBJC_LITERAL_CONVERSION = YES;
				CLANG_WARN_OBJC_ROOT_CLASS = YES_ERROR;
				CLANG_WARN_QUOTED_INCLUDE_IN_FRAMEWORK_HEADER = YES;
				CLANG_WARN_RANGE_LOOP_ANALYSIS = YES;
				CLANG_WARN_STRICT_PROTOTYPES = YES;
				CLANG_WARN_SUSPICIOUS_MOVE = YES;
				CLANG_WARN_UNGUARDED_AVAILABILITY = YES_AGGRESSIVE;
				CLANG_WARN_UNREACHABLE_CODE = YES;
				CLANG_WARN__DUPLICATE_METHOD_MATCH = YES;
				COPY_PHASE_STRIP = NO;
				DEBUG_INFORMATION_FORMAT = dwarf;
				ENABLE_STRICT_OBJC_MSGSEND = YES;
				ENABLE_TESTABILITY = YES;
				ENABLE_USER_SCRIPT_SANDBOXING = YES;
				GCC_C_LANGUAGE_STANDARD = gnu17;
				GCC_DYNAMIC_NO_PIC = NO;
				GCC_NO_COMMON_BLOCKS = YES;
				GCC_OPTIMIZATION_LEVEL = 0;
				GCC_PREPROCESSOR_DEFINITIONS = (
					"DEBUG=1",
					"$(inherited)",
				);
				GCC_WARN_64_TO_32_BIT_CONVERSION = YES;
				GCC_WARN_ABOUT_RETURN_TYPE = YES_ERROR;
				GCC_WARN_UNDECLARED_SELECTOR = YES;
				GCC_WARN_UNINITIALIZED_AUTOS = YES_AGGRESSIVE;
				GCC_WARN_UNUSED_FUNCTION = YES;
				GCC_WARN_UNUSED_VARIABLE = YES;
				IPHONEOS_DEPLOYMENT_TARGET = 17.5;
				LOCALIZATION_PREFERS_STRING_CATALOGS = YES;
				MTL_ENABLE_DEBUG_INFO = INCLUDE_SOURCE;
				MTL_FAST_MATH = YES;
				ONLY_ACTIVE_ARCH = YES;
				SDKROOT = iphoneos;
				SWIFT_ACTIVE_COMPILATION_CONDITIONS = "DEBUG $(inherited)";
				SWIFT_OPTIMIZATION_LEVEL = "-Onone";
			};
			name = Debug;
		};
		6674DBEF2C6A6947008764FA /* Release */ = {
			isa = XCBuildConfiguration;
			buildSettings = {
				ALWAYS_SEARCH_USER_PATHS = NO;
				ASSETCATALOG_COMPILER_GENERATE_SWIFT_ASSET_SYMBOL_EXTENSIONS = YES;
				CLANG_ANALYZER_NONNULL = YES;
				CLANG_ANALYZER_NUMBER_OBJECT_CONVERSION = YES_AGGRESSIVE;
				CLANG_CXX_LANGUAGE_STANDARD = "gnu++20";
				CLANG_ENABLE_MODULES = YES;
				CLANG_ENABLE_OBJC_ARC = YES;
				CLANG_ENABLE_OBJC_WEAK = YES;
				CLANG_WARN_BLOCK_CAPTURE_AUTORELEASING = YES;
				CLANG_WARN_BOOL_CONVERSION = YES;
				CLANG_WARN_COMMA = YES;
				CLANG_WARN_CONSTANT_CONVERSION = YES;
				CLANG_WARN_DEPRECATED_OBJC_IMPLEMENTATIONS = YES;
				CLANG_WARN_DIRECT_OBJC_ISA_USAGE = YES_ERROR;
				CLANG_WARN_DOCUMENTATION_COMMENTS = YES;
				CLANG_WARN_EMPTY_BODY = YES;
				CLANG_WARN_ENUM_CONVERSION = YES;
				CLANG_WARN_INFINITE_RECURSION = YES;
				CLANG_WARN_INT_CONVERSION = YES;
				CLANG_WARN_NON_LITERAL_NULL_CONVERSION = YES;
				CLANG_WARN_OBJC_IMPLICIT_RETAIN_SELF = YES;
				CLANG_WARN_OBJC_LITERAL_CONVERSION = YES;
				CLANG_WARN_OBJC_ROOT_CLASS = YES_ERROR;
				CLANG_WARN_QUOTED_INCLUDE_IN_FRAMEWORK_HEADER = YES;
				CLANG_WARN_RANGE_LOOP_ANALYSIS = YES;
				CLANG_WARN_STRICT_PROTOTYPES = YES;
				CLANG_WARN_SUSPICIOUS_MOVE = YES;
				CLANG_WARN_UNGUARDED_AVAILABILITY = YES_AGGRESSIVE;
				CLANG_WARN_UNREACHABLE_CODE = YES;
				CLANG_WARN__DUPLICATE_METHOD_MATCH = YES;
				COPY_PHASE_STRIP = NO;
				DEBUG_INFORMATION_FORMAT = "dwarf-with-dsym";
				ENABLE_NS_ASSERTIONS = NO;
				ENABLE_STRICT_OBJC_MSGSEND = YES;
				ENABLE_USER_SCRIPT_SANDBOXING = YES;
				GCC_C_LANGUAGE_STANDARD = gnu17;
				GCC_NO_COMMON_BLOCKS = YES;
				GCC_WARN_64_TO_32_BIT_CONVERSION = YES;
				GCC_WARN_ABOUT_RETURN_TYPE = YES_ERROR;
				GCC_WARN_UNDECLARED_SELECTOR = YES;
				GCC_WARN_UNINITIALIZED_AUTOS = YES_AGGRESSIVE;
				GCC_WARN_UNUSED_FUNCTION = YES;
				GCC_WARN_UNUSED_VARIABLE = YES;
				IPHONEOS_DEPLOYMENT_TARGET = 17.5;
				LOCALIZATION_PREFERS_STRING_CATALOGS = YES;
				MTL_ENABLE_DEBUG_INFO = NO;
				MTL_FAST_MATH = YES;
				SDKROOT = iphoneos;
				SWIFT_COMPILATION_MODE = wholemodule;
				VALIDATE_PRODUCT = YES;
			};
			name = Release;
		};
		6674DBF12C6A6947008764FA /* Debug */ = {
			isa = XCBuildConfiguration;
			buildSettings = {
				ASSETCATALOG_COMPILER_APPICON_NAME = AppIcon;
				ASSETCATALOG_COMPILER_GLOBAL_ACCENT_COLOR_NAME = AccentColor;
				CODE_SIGN_STYLE = Automatic;
				CURRENT_PROJECT_VERSION = 1;
				DEVELOPMENT_ASSET_PATHS = "\"MediaFetcher/Preview Content\"";
				DEVELOPMENT_TEAM = 4XSNUFKD54;
				ENABLE_PREVIEWS = YES;
				GENERATE_INFOPLIST_FILE = YES;
				INFOPLIST_KEY_UIApplicationSceneManifest_Generation = YES;
				INFOPLIST_KEY_UIApplicationSupportsIndirectInputEvents = YES;
				INFOPLIST_KEY_UILaunchScreen_Generation = YES;
				INFOPLIST_KEY_UISupportedInterfaceOrientations_iPad = "UIInterfaceOrientationPortrait UIInterfaceOrientationPortraitUpsideDown UIInterfaceOrientationLandscapeLeft UIInterfaceOrientationLandscapeRight";
				INFOPLIST_KEY_UISupportedInterfaceOrientations_iPhone = "UIInterfaceOrientationPortrait UIInterfaceOrientationLandscapeLeft UIInterfaceOrientationLandscapeRight";
				LD_RUNPATH_SEARCH_PATHS = (
					"$(inherited)",
					"@executable_path/Frameworks",
				);
				MARKETING_VERSION = 1.0;
				PRODUCT_BUNDLE_IDENTIFIER = com.MediaFetcher;
				PRODUCT_NAME = "$(TARGET_NAME)";
				SWIFT_EMIT_LOC_STRINGS = YES;
				SWIFT_VERSION = 5.0;
				TARGETED_DEVICE_FAMILY = "1,2";
			};
			name = Debug;
		};
		6674DBF22C6A6947008764FA /* Release */ = {
			isa = XCBuildConfiguration;
			buildSettings = {
				ASSETCATALOG_COMPILER_APPICON_NAME = AppIcon;
				ASSETCATALOG_COMPILER_GLOBAL_ACCENT_COLOR_NAME = AccentColor;
				CODE_SIGN_STYLE = Automatic;
				CURRENT_PROJECT_VERSION = 1;
				DEVELOPMENT_ASSET_PATHS = "\"MediaFetcher/Preview Content\"";
				DEVELOPMENT_TEAM = 4XSNUFKD54;
				ENABLE_PREVIEWS = YES;
				GENERATE_INFOPLIST_FILE = YES;
				INFOPLIST_KEY_UIApplicationSceneManifest_Generation = YES;
				INFOPLIST_KEY_UIApplicationSupportsIndirectInputEvents = YES;
				INFOPLIST_KEY_UILaunchScreen_Generation = YES;
				INFOPLIST_KEY_UISupportedInterfaceOrientations_iPad = "UIInterfaceOrientationPortrait UIInterfaceOrientationPortraitUpsideDown UIInterfaceOrientationLandscapeLeft UIInterfaceOrientationLandscapeRight";
				INFOPLIST_KEY_UISupportedInterfaceOrientations_iPhone = "UIInterfaceOrientationPortrait UIInterfaceOrientationLandscapeLeft UIInterfaceOrientationLandscapeRight";
				LD_RUNPATH_SEARCH_PATHS = (
					"$(inherited)",
					"@executable_path/Frameworks",
				);
				MARKETING_VERSION = 1.0;
				PRODUCT_BUNDLE_IDENTIFIER = com.MediaFetcher;
				PRODUCT_NAME = "$(TARGET_NAME)";
				SWIFT_EMIT_LOC_STRINGS = YES;
				SWIFT_VERSION = 5.0;
				TARGETED_DEVICE_FAMILY = "1,2";
			};
			name = Release;
		};
		6674DBF42C6A6947008764FA /* Debug */ = {
			isa = XCBuildConfiguration;
			buildSettings = {
				ALWAYS_EMBED_SWIFT_STANDARD_LIBRARIES = YES;
				BUNDLE_LOADER = "$(TEST_HOST)";
				CODE_SIGN_STYLE = Automatic;
				CURRENT_PROJECT_VERSION = 1;
				DEVELOPMENT_TEAM = 4XSNUFKD54;
				GENERATE_INFOPLIST_FILE = YES;
				IPHONEOS_DEPLOYMENT_TARGET = 17.5;
				MARKETING_VERSION = 1.0;
				PRODUCT_BUNDLE_IDENTIFIER = com..SadadAssignmentTests;
				PRODUCT_NAME = "$(TARGET_NAME)";
				SWIFT_EMIT_LOC_STRINGS = NO;
				SWIFT_VERSION = 5.0;
				TARGETED_DEVICE_FAMILY = "1,2";
				TEST_HOST = "$(BUILT_PRODUCTS_DIR)/MediaFetcher.app/$(BUNDLE_EXECUTABLE_FOLDER_PATH)/MediaFetcher";
			};
			name = Debug;
		};
		6674DBF52C6A6947008764FA /* Release */ = {
			isa = XCBuildConfiguration;
			buildSettings = {
				ALWAYS_EMBED_SWIFT_STANDARD_LIBRARIES = YES;
				BUNDLE_LOADER = "$(TEST_HOST)";
				CODE_SIGN_STYLE = Automatic;
				CURRENT_PROJECT_VERSION = 1;
				DEVELOPMENT_TEAM = 4XSNUFKD54;
				GENERATE_INFOPLIST_FILE = YES;
				IPHONEOS_DEPLOYMENT_TARGET = 17.5;
				MARKETING_VERSION = 1.0;
				PRODUCT_BUNDLE_IDENTIFIER = com..SadadAssignmentTests;
				PRODUCT_NAME = "$(TARGET_NAME)";
				SWIFT_EMIT_LOC_STRINGS = NO;
				SWIFT_VERSION = 5.0;
				TARGETED_DEVICE_FAMILY = "1,2";
				TEST_HOST = "$(BUILT_PRODUCTS_DIR)/MediaFetcher.app/$(BUNDLE_EXECUTABLE_FOLDER_PATH)/MediaFetcher";
			};
			name = Release;
		};
		6674DBF72C6A6947008764FA /* Debug */ = {
			isa = XCBuildConfiguration;
			buildSettings = {
				ALWAYS_EMBED_SWIFT_STANDARD_LIBRARIES = YES;
				CODE_SIGN_STYLE = Automatic;
				CURRENT_PROJECT_VERSION = 1;
				DEVELOPMENT_TEAM = 4XSNUFKD54;
				GENERATE_INFOPLIST_FILE = YES;
				MARKETING_VERSION = 1.0;
				PRODUCT_BUNDLE_IDENTIFIER = com..SadadAssignmentUITests;
				PRODUCT_NAME = "$(TARGET_NAME)";
				SWIFT_EMIT_LOC_STRINGS = NO;
				SWIFT_VERSION = 5.0;
				TARGETED_DEVICE_FAMILY = "1,2";
				TEST_TARGET_NAME = SadadAssignment;
			};
			name = Debug;
		};
		6674DBF82C6A6947008764FA /* Release */ = {
			isa = XCBuildConfiguration;
			buildSettings = {
				ALWAYS_EMBED_SWIFT_STANDARD_LIBRARIES = YES;
				CODE_SIGN_STYLE = Automatic;
				CURRENT_PROJECT_VERSION = 1;
				DEVELOPMENT_TEAM = 4XSNUFKD54;
				GENERATE_INFOPLIST_FILE = YES;
				MARKETING_VERSION = 1.0;
				PRODUCT_BUNDLE_IDENTIFIER = com..SadadAssignmentUITests;
				PRODUCT_NAME = "$(TARGET_NAME)";
				SWIFT_EMIT_LOC_STRINGS = NO;
				SWIFT_VERSION = 5.0;
				TARGETED_DEVICE_FAMILY = "1,2";
				TEST_TARGET_NAME = SadadAssignment;
			};
			name = Release;
		};
/* End XCBuildConfiguration section */

/* Begin XCConfigurationList section */
		6674DBC72C6A6945008764FA /* Build configuration list for PBXProject "MediaFetcher" */ = {
			isa = XCConfigurationList;
			buildConfigurations = (
				6674DBEE2C6A6947008764FA /* Debug */,
				6674DBEF2C6A6947008764FA /* Release */,
			);
			defaultConfigurationIsVisible = 0;
			defaultConfigurationName = Release;
		};
		6674DBF02C6A6947008764FA /* Build configuration list for PBXNativeTarget "MediaFetcher" */ = {
			isa = XCConfigurationList;
			buildConfigurations = (
				6674DBF12C6A6947008764FA /* Debug */,
				6674DBF22C6A6947008764FA /* Release */,
			);
			defaultConfigurationIsVisible = 0;
			defaultConfigurationName = Release;
		};
		6674DBF32C6A6947008764FA /* Build configuration list for PBXNativeTarget "MediaFetcherTests" */ = {
			isa = XCConfigurationList;
			buildConfigurations = (
				6674DBF42C6A6947008764FA /* Debug */,
				6674DBF52C6A6947008764FA /* Release */,
			);
			defaultConfigurationIsVisible = 0;
			defaultConfigurationName = Release;
		};
		6674DBF62C6A6947008764FA /* Build configuration list for PBXNativeTarget "MediaFetcherUITests" */ = {
			isa = XCConfigurationList;
			buildConfigurations = (
				6674DBF72C6A6947008764FA /* Debug */,
				6674DBF82C6A6947008764FA /* Release */,
			);
			defaultConfigurationIsVisible = 0;
			defaultConfigurationName = Release;
		};
/* End XCConfigurationList section */
	};
	rootObject = 6674DBC42C6A6945008764FA /* Project object */;
}
